// !$*UTF8*$!
{
	archiveVersion = 1;
	classes = {
	};
	objectVersion = 56;
	objects = {

/* Begin PBXBuildFile section */
		5022A14728D1CEC10048AA41 /* View+Navigation.swift in Sources */ = {isa = PBXBuildFile; fileRef = 5022A14628D1CEC10048AA41 /* View+Navigation.swift */; };
		5022A14928D1D2000048AA41 /* MainNavigationView.swift in Sources */ = {isa = PBXBuildFile; fileRef = 5022A14828D1D2000048AA41 /* MainNavigationView.swift */; };
		5022A14B28D1D6AD0048AA41 /* FirstView.swift in Sources */ = {isa = PBXBuildFile; fileRef = 5022A14A28D1D6AD0048AA41 /* FirstView.swift */; };
		5022A14D28D1D8C10048AA41 /* SecondView.swift in Sources */ = {isa = PBXBuildFile; fileRef = 5022A14C28D1D8C10048AA41 /* SecondView.swift */; };
		5022A18128D33CC90048AA41 /* Images.xcassets in Resources */ = {isa = PBXBuildFile; fileRef = 5022A18028D33CC90048AA41 /* Images.xcassets */; };
		509674F828D11BC0007BF49F /* NavigationDemoApp.swift in Sources */ = {isa = PBXBuildFile; fileRef = 509674F728D11BC0007BF49F /* NavigationDemoApp.swift */; };
		509674FA28D11BC0007BF49F /* ContentView.swift in Sources */ = {isa = PBXBuildFile; fileRef = 509674F928D11BC0007BF49F /* ContentView.swift */; };
		509674FF28D11BC1007BF49F /* Preview Assets.xcassets in Resources */ = {isa = PBXBuildFile; fileRef = 509674FE28D11BC1007BF49F /* Preview Assets.xcassets */; };
		5096750628D1BE9F007BF49F /* MainNavigationBar.swift in Sources */ = {isa = PBXBuildFile; fileRef = 5096750528D1BE9F007BF49F /* MainNavigationBar.swift */; };
		5096750828D1BED1007BF49F /* NavigationStorage.swift in Sources */ = {isa = PBXBuildFile; fileRef = 5096750728D1BED1007BF49F /* NavigationStorage.swift */; };
		5096750A28D1BEF4007BF49F /* NavigationPathItem.swift in Sources */ = {isa = PBXBuildFile; fileRef = 5096750928D1BEF4007BF49F /* NavigationPathItem.swift */; };
/* End PBXBuildFile section */

/* Begin PBXFileReference section */
		5022A14628D1CEC10048AA41 /* View+Navigation.swift */ = {isa = PBXFileReference; lastKnownFileType = sourcecode.swift; path = "View+Navigation.swift"; sourceTree = "<group>"; };
		5022A14828D1D2000048AA41 /* MainNavigationView.swift */ = {isa = PBXFileReference; lastKnownFileType = sourcecode.swift; path = MainNavigationView.swift; sourceTree = "<group>"; };
		5022A14A28D1D6AD0048AA41 /* FirstView.swift */ = {isa = PBXFileReference; lastKnownFileType = sourcecode.swift; path = FirstView.swift; sourceTree = "<group>"; };
		5022A14C28D1D8C10048AA41 /* SecondView.swift */ = {isa = PBXFileReference; lastKnownFileType = sourcecode.swift; path = SecondView.swift; sourceTree = "<group>"; };
		5022A18028D33CC90048AA41 /* Images.xcassets */ = {isa = PBXFileReference; lastKnownFileType = folder.assetcatalog; path = Images.xcassets; sourceTree = "<group>"; };
		509674F428D11BC0007BF49F /* NavigationDemo.app */ = {isa = PBXFileReference; explicitFileType = wrapper.application; includeInIndex = 0; path = NavigationDemo.app; sourceTree = BUILT_PRODUCTS_DIR; };
		509674F728D11BC0007BF49F /* NavigationDemoApp.swift */ = {isa = PBXFileReference; lastKnownFileType = sourcecode.swift; path = NavigationDemoApp.swift; sourceTree = "<group>"; };
		509674F928D11BC0007BF49F /* ContentView.swift */ = {isa = PBXFileReference; lastKnownFileType = sourcecode.swift; path = ContentView.swift; sourceTree = "<group>"; };
		509674FE28D11BC1007BF49F /* Preview Assets.xcassets */ = {isa = PBXFileReference; lastKnownFileType = folder.assetcatalog; path = "Preview Assets.xcassets"; sourceTree = "<group>"; };
		5096750528D1BE9F007BF49F /* MainNavigationBar.swift */ = {isa = PBXFileReference; lastKnownFileType = sourcecode.swift; path = MainNavigationBar.swift; sourceTree = "<group>"; };
		5096750728D1BED1007BF49F /* NavigationStorage.swift */ = {isa = PBXFileReference; lastKnownFileType = sourcecode.swift; path = NavigationStorage.swift; sourceTree = "<group>"; };
		5096750928D1BEF4007BF49F /* NavigationPathItem.swift */ = {isa = PBXFileReference; lastKnownFileType = sourcecode.swift; path = NavigationPathItem.swift; sourceTree = "<group>"; };
/* End PBXFileReference section */

/* Begin PBXFrameworksBuildPhase section */
		509674F128D11BC0007BF49F /* Frameworks */ = {
			isa = PBXFrameworksBuildPhase;
			buildActionMask = 2147483647;
			files = (
			);
			runOnlyForDeploymentPostprocessing = 0;
		};
/* End PBXFrameworksBuildPhase section */

/* Begin PBXGroup section */
		5022A14E28D1D9330048AA41 /* Presentation */ = {
			isa = PBXGroup;
			children = (
				5022A14C28D1D8C10048AA41 /* SecondView.swift */,
				5022A14A28D1D6AD0048AA41 /* FirstView.swift */,
				509674F928D11BC0007BF49F /* ContentView.swift */,
			);
			path = Presentation;
			sourceTree = "<group>";
		};
		5022A14F28D1D94D0048AA41 /* Navigation */ = {
			isa = PBXGroup;
			children = (
				5096750528D1BE9F007BF49F /* MainNavigationBar.swift */,
				5022A14828D1D2000048AA41 /* MainNavigationView.swift */,
				5022A14628D1CEC10048AA41 /* View+Navigation.swift */,
				5096750728D1BED1007BF49F /* NavigationStorage.swift */,
				5096750928D1BEF4007BF49F /* NavigationPathItem.swift */,
			);
			path = Navigation;
			sourceTree = "<group>";
		};
		509674EB28D11BC0007BF49F = {
			isa = PBXGroup;
			children = (
				509674F628D11BC0007BF49F /* NavigationDemo */,
				509674F528D11BC0007BF49F /* Products */,
			);
			sourceTree = "<group>";
		};
		509674F528D11BC0007BF49F /* Products */ = {
			isa = PBXGroup;
			children = (
				509674F428D11BC0007BF49F /* NavigationDemo.app */,
			);
			name = Products;
			sourceTree = "<group>";
		};
		509674F628D11BC0007BF49F /* NavigationDemo */ = {
			isa = PBXGroup;
			children = (
				509674F728D11BC0007BF49F /* NavigationDemoApp.swift */,
				5022A14E28D1D9330048AA41 /* Presentation */,
				5022A14F28D1D94D0048AA41 /* Navigation */,
				5022A18028D33CC90048AA41 /* Images.xcassets */,
				509674FD28D11BC1007BF49F /* Preview Content */,
			);
			path = NavigationDemo;
			sourceTree = "<group>";
		};
		509674FD28D11BC1007BF49F /* Preview Content */ = {
			isa = PBXGroup;
			children = (
				509674FE28D11BC1007BF49F /* Preview Assets.xcassets */,
			);
			path = "Preview Content";
			sourceTree = "<group>";
		};
/* End PBXGroup section */

/* Begin PBXNativeTarget section */
		509674F328D11BC0007BF49F /* NavigationDemo */ = {
			isa = PBXNativeTarget;
			buildConfigurationList = 5096750228D11BC1007BF49F /* Build configuration list for PBXNativeTarget "NavigationDemo" */;
			buildPhases = (
				509674F028D11BC0007BF49F /* Sources */,
				509674F128D11BC0007BF49F /* Frameworks */,
				509674F228D11BC0007BF49F /* Resources */,
			);
			buildRules = (
			);
			dependencies = (
			);
			name = NavigationDemo;
			productName = NavigationDemo;
			productReference = 509674F428D11BC0007BF49F /* NavigationDemo.app */;
			productType = "com.apple.product-type.application";
		};
/* End PBXNativeTarget section */

/* Begin PBXProject section */
		509674EC28D11BC0007BF49F /* Project object */ = {
			isa = PBXProject;
			attributes = {
				BuildIndependentTargetsInParallel = 1;
				LastSwiftUpdateCheck = 1400;
				LastUpgradeCheck = 1400;
				TargetAttributes = {
					509674F328D11BC0007BF49F = {
						CreatedOnToolsVersion = 14.0;
					};
				};
			};
			buildConfigurationList = 509674EF28D11BC0007BF49F /* Build configuration list for PBXProject "NavigationDemo" */;
			compatibilityVersion = "Xcode 14.0";
			developmentRegion = en;
			hasScannedForEncodings = 0;
			knownRegions = (
				en,
				Base,
			);
			mainGroup = 509674EB28D11BC0007BF49F;
			productRefGroup = 509674F528D11BC0007BF49F /* Products */;
			projectDirPath = "";
			projectRoot = "";
			targets = (
				509674F328D11BC0007BF49F /* NavigationDemo */,
			);
		};
/* End PBXProject section */

/* Begin PBXResourcesBuildPhase section */
		509674F228D11BC0007BF49F /* Resources */ = {
			isa = PBXResourcesBuildPhase;
			buildActionMask = 2147483647;
			files = (
				5022A18128D33CC90048AA41 /* Images.xcassets in Resources */,
				509674FF28D11BC1007BF49F /* Preview Assets.xcassets in Resources */,
			);
			runOnlyForDeploymentPostprocessing = 0;
		};
/* End PBXResourcesBuildPhase section */

/* Begin PBXSourcesBuildPhase section */
		509674F028D11BC0007BF49F /* Sources */ = {
			isa = PBXSourcesBuildPhase;
			buildActionMask = 2147483647;
			files = (
				5096750A28D1BEF4007BF49F /* NavigationPathItem.swift in Sources */,
				509674FA28D11BC0007BF49F /* ContentView.swift in Sources */,
				5022A14928D1D2000048AA41 /* MainNavigationView.swift in Sources */,
				5022A14D28D1D8C10048AA41 /* SecondView.swift in Sources */,
				5022A14728D1CEC10048AA41 /* View+Navigation.swift in Sources */,
				509674F828D11BC0007BF49F /* NavigationDemoApp.swift in Sources */,
				5022A14B28D1D6AD0048AA41 /* FirstView.swift in Sources */,
				5096750628D1BE9F007BF49F /* MainNavigationBar.swift in Sources */,
				5096750828D1BED1007BF49F /* NavigationStorage.swift in Sources */,
			);
			runOnlyForDeploymentPostprocessing = 0;
		};
/* End PBXSourcesBuildPhase section */

/* Begin XCBuildConfiguration section */
		5096750028D11BC1007BF49F /* Debug */ = {
			isa = XCBuildConfiguration;
			buildSettings = {
				ALWAYS_SEARCH_USER_PATHS = NO;
				CLANG_ANALYZER_NONNULL = YES;
				CLANG_ANALYZER_NUMBER_OBJECT_CONVERSION = YES_AGGRESSIVE;
				CLANG_CXX_LANGUAGE_STANDARD = "gnu++20";
				CLANG_ENABLE_MODULES = YES;
				CLANG_ENABLE_OBJC_ARC = YES;
				CLANG_ENABLE_OBJC_WEAK = YES;
				CLANG_WARN_BLOCK_CAPTURE_AUTORELEASING = YES;
				CLANG_WARN_BOOL_CONVERSION = YES;
				CLANG_WARN_COMMA = YES;
				CLANG_WARN_CONSTANT_CONVERSION = YES;
				CLANG_WARN_DEPRECATED_OBJC_IMPLEMENTATIONS = YES;
				CLANG_WARN_DIRECT_OBJC_ISA_USAGE = YES_ERROR;
				CLANG_WARN_DOCUMENTATION_COMMENTS = YES;
				CLANG_WARN_EMPTY_BODY = YES;
				CLANG_WARN_ENUM_CONVERSION = YES;
				CLANG_WARN_INFINITE_RECURSION = YES;
				CLANG_WARN_INT_CONVERSION = YES;
				CLANG_WARN_NON_LITERAL_NULL_CONVERSION = YES;
				CLANG_WARN_OBJC_IMPLICIT_RETAIN_SELF = YES;
				CLANG_WARN_OBJC_LITERAL_CONVERSION = YES;
				CLANG_WARN_OBJC_ROOT_CLASS = YES_ERROR;
				CLANG_WARN_QUOTED_INCLUDE_IN_FRAMEWORK_HEADER = YES;
				CLANG_WARN_RANGE_LOOP_ANALYSIS = YES;
				CLANG_WARN_STRICT_PROTOTYPES = YES;
				CLANG_WARN_SUSPICIOUS_MOVE = YES;
				CLANG_WARN_UNGUARDED_AVAILABILITY = YES_AGGRESSIVE;
				CLANG_WARN_UNREACHABLE_CODE = YES;
				CLANG_WARN__DUPLICATE_METHOD_MATCH = YES;
				COPY_PHASE_STRIP = NO;
				DEBUG_INFORMATION_FORMAT = dwarf;
				ENABLE_STRICT_OBJC_MSGSEND = YES;
				ENABLE_TESTABILITY = YES;
				GCC_C_LANGUAGE_STANDARD = gnu11;
				GCC_DYNAMIC_NO_PIC = NO;
				GCC_NO_COMMON_BLOCKS = YES;
				GCC_OPTIMIZATION_LEVEL = 0;
				GCC_PREPROCESSOR_DEFINITIONS = (
					"DEBUG=1",
					"$(inherited)",
				);
				GCC_WARN_64_TO_32_BIT_CONVERSION = YES;
				GCC_WARN_ABOUT_RETURN_TYPE = YES_ERROR;
				GCC_WARN_UNDECLARED_SELECTOR = YES;
				GCC_WARN_UNINITIALIZED_AUTOS = YES_AGGRESSIVE;
				GCC_WARN_UNUSED_FUNCTION = YES;
				GCC_WARN_UNUSED_VARIABLE = YES;
				IPHONEOS_DEPLOYMENT_TARGET = 16.0;
				MTL_ENABLE_DEBUG_INFO = INCLUDE_SOURCE;
				MTL_FAST_MATH = YES;
				ONLY_ACTIVE_ARCH = YES;
				SDKROOT = iphoneos;
				SWIFT_ACTIVE_COMPILATION_CONDITIONS = DEBUG;
				SWIFT_OPTIMIZATION_LEVEL = "-Onone";
			};
			name = Debug;
		};
		5096750128D11BC1007BF49F /* Release */ = {
			isa = XCBuildConfiguration;
			buildSettings = {
				ALWAYS_SEARCH_USER_PATHS = NO;
				CLANG_ANALYZER_NONNULL = YES;
				CLANG_ANALYZER_NUMBER_OBJECT_CONVERSION = YES_AGGRESSIVE;
				CLANG_CXX_LANGUAGE_STANDARD = "gnu++20";
				CLANG_ENABLE_MODULES = YES;
				CLANG_ENABLE_OBJC_ARC = YES;
				CLANG_ENABLE_OBJC_WEAK = YES;
				CLANG_WARN_BLOCK_CAPTURE_AUTORELEASING = YES;
				CLANG_WARN_BOOL_CONVERSION = YES;
				CLANG_WARN_COMMA = YES;
				CLANG_WARN_CONSTANT_CONVERSION = YES;
				CLANG_WARN_DEPRECATED_OBJC_IMPLEMENTATIONS = YES;
				CLANG_WARN_DIRECT_OBJC_ISA_USAGE = YES_ERROR;
				CLANG_WARN_DOCUMENTATION_COMMENTS = YES;
				CLANG_WARN_EMPTY_BODY = YES;
				CLANG_WARN_ENUM_CONVERSION = YES;
				CLANG_WARN_INFINITE_RECURSION = YES;
				CLANG_WARN_INT_CONVERSION = YES;
				CLANG_WARN_NON_LITERAL_NULL_CONVERSION = YES;
				CLANG_WARN_OBJC_IMPLICIT_RETAIN_SELF = YES;
				CLANG_WARN_OBJC_LITERAL_CONVERSION = YES;
				CLANG_WARN_OBJC_ROOT_CLASS = YES_ERROR;
				CLANG_WARN_QUOTED_INCLUDE_IN_FRAMEWORK_HEADER = YES;
				CLANG_WARN_RANGE_LOOP_ANALYSIS = YES;
				CLANG_WARN_STRICT_PROTOTYPES = YES;
				CLANG_WARN_SUSPICIOUS_MOVE = YES;
				CLANG_WARN_UNGUARDED_AVAILABILITY = YES_AGGRESSIVE;
				CLANG_WARN_UNREACHABLE_CODE = YES;
				CLANG_WARN__DUPLICATE_METHOD_MATCH = YES;
				COPY_PHASE_STRIP = NO;
				DEBUG_INFORMATION_FORMAT = "dwarf-with-dsym";
				ENABLE_NS_ASSERTIONS = NO;
				ENABLE_STRICT_OBJC_MSGSEND = YES;
				GCC_C_LANGUAGE_STANDARD = gnu11;
				GCC_NO_COMMON_BLOCKS = YES;
				GCC_WARN_64_TO_32_BIT_CONVERSION = YES;
				GCC_WARN_ABOUT_RETURN_TYPE = YES_ERROR;
				GCC_WARN_UNDECLARED_SELECTOR = YES;
				GCC_WARN_UNINITIALIZED_AUTOS = YES_AGGRESSIVE;
				GCC_WARN_UNUSED_FUNCTION = YES;
				GCC_WARN_UNUSED_VARIABLE = YES;
				IPHONEOS_DEPLOYMENT_TARGET = 16.0;
				MTL_ENABLE_DEBUG_INFO = NO;
				MTL_FAST_MATH = YES;
				SDKROOT = iphoneos;
				SWIFT_COMPILATION_MODE = wholemodule;
				SWIFT_OPTIMIZATION_LEVEL = "-O";
				VALIDATE_PRODUCT = YES;
			};
			name = Release;
		};
		5096750328D11BC1007BF49F /* Debug */ = {
			isa = XCBuildConfiguration;
			buildSettings = {
				ASSETCATALOG_COMPILER_APPICON_NAME = AppIcon;
				ASSETCATALOG_COMPILER_GLOBAL_ACCENT_COLOR_NAME = AccentColor;
				CODE_SIGN_STYLE = Automatic;
				CURRENT_PROJECT_VERSION = 1;
				DEVELOPMENT_ASSET_PATHS = "\"NavigationDemo/Preview Content\"";
				ENABLE_PREVIEWS = YES;
				GENERATE_INFOPLIST_FILE = YES;
				INFOPLIST_KEY_UIApplicationSceneManifest_Generation = YES;
				INFOPLIST_KEY_UIApplicationSupportsIndirectInputEvents = YES;
				INFOPLIST_KEY_UILaunchScreen_Generation = YES;
				INFOPLIST_KEY_UIStatusBarStyle = UIStatusBarStyleDarkContent;
				INFOPLIST_KEY_UISupportedInterfaceOrientations = UIInterfaceOrientationPortrait;
				IPHONEOS_DEPLOYMENT_TARGET = 14.0;
				LD_RUNPATH_SEARCH_PATHS = (
					"$(inherited)",
					"@executable_path/Frameworks",
				);
				MARKETING_VERSION = 1.0;
				PRODUCT_BUNDLE_IDENTIFIER = joliejuly.NavigationDemo;
				PRODUCT_NAME = "$(TARGET_NAME)";
				SWIFT_EMIT_LOC_STRINGS = YES;
				SWIFT_VERSION = 5.0;
				TARGETED_DEVICE_FAMILY = "1,2";
			};
			name = Debug;
		};
		5096750428D11BC1007BF49F /* Release */ = {
			isa = XCBuildConfiguration;
			buildSettings = {
				ASSETCATALOG_COMPILER_APPICON_NAME = AppIcon;
				ASSETCATALOG_COMPILER_GLOBAL_ACCENT_COLOR_NAME = AccentColor;
				CODE_SIGN_STYLE = Automatic;
				CURRENT_PROJECT_VERSION = 1;
				DEVELOPMENT_ASSET_PATHS = "\"NavigationDemo/Preview Content\"";
				ENABLE_PREVIEWS = YES;
				GENERATE_INFOPLIST_FILE = YES;
				INFOPLIST_KEY_UIApplicationSceneManifest_Generation = YES;
				INFOPLIST_KEY_UIApplicationSupportsIndirectInputEvents = YES;
				INFOPLIST_KEY_UILaunchScreen_Generation = YES;
				INFOPLIST_KEY_UIStatusBarStyle = UIStatusBarStyleDarkContent;
				INFOPLIST_KEY_UISupportedInterfaceOrientations = UIInterfaceOrientationPortrait;
				IPHONEOS_DEPLOYMENT_TARGET = 14.0;
				LD_RUNPATH_SEARCH_PATHS = (
					"$(inherited)",
					"@executable_path/Frameworks",
				);
				MARKETING_VERSION = 1.0;
				PRODUCT_BUNDLE_IDENTIFIER = joliejuly.NavigationDemo;
				PRODUCT_NAME = "$(TARGET_NAME)";
				SWIFT_EMIT_LOC_STRINGS = YES;
				SWIFT_VERSION = 5.0;
				TARGETED_DEVICE_FAMILY = "1,2";
			};
			name = Release;
		};
/* End XCBuildConfiguration section */

/* Begin XCConfigurationList section */
		509674EF28D11BC0007BF49F /* Build configuration list for PBXProject "NavigationDemo" */ = {
			isa = XCConfigurationList;
			buildConfigurations = (
				5096750028D11BC1007BF49F /* Debug */,
				5096750128D11BC1007BF49F /* Release */,
			);
			defaultConfigurationIsVisible = 0;
			defaultConfigurationName = Release;
		};
		5096750228D11BC1007BF49F /* Build configuration list for PBXNativeTarget "NavigationDemo" */ = {
			isa = XCConfigurationList;
			buildConfigurations = (
				5096750328D11BC1007BF49F /* Debug */,
				5096750428D11BC1007BF49F /* Release */,
			);
			defaultConfigurationIsVisible = 0;
			defaultConfigurationName = Release;
		};
/* End XCConfigurationList section */
	};
	rootObject = 509674EC28D11BC0007BF49F /* Project object */;
}
